
Microsoft Visual Studio Solution File, Format Version 12.00
# Visual Studio 15
VisualStudioVersion = 15.0.27130.2036
MinimumVisualStudioVersion = 10.0.40219.1
Project("{9A19103F-16F7-4668-BE54-9A1E7A4F7556}") = "dotnettarOld", "dotnettarOld\dotnettarOld.csproj", "{513A9A3C-60BB-41C7-92CA-A9A1AC5C3B66}"
EndProject
Project("{9A19103F-16F7-4668-BE54-9A1E7A4F7556}") = "dotnettar.Tests", "dotnettar.Tests\dotnettar.Tests.csproj", "{91F75E6F-21A9-411E-8467-A627196511EA}"
EndProject
Project("{9A19103F-16F7-4668-BE54-9A1E7A4F7556}") = "dotnettar", "dotnettar\dotnettar.csproj", "{2B1BA563-7118-4CCA-8C98-4AAEF5862044}"
EndProject
Global
	GlobalSection(SolutionConfigurationPlatforms) = preSolution
		Debug|Any CPU = Debug|Any CPU
		Release|Any CPU = Release|Any CPU
	EndGlobalSection
	GlobalSection(ProjectConfigurationPlatforms) = postSolution
		{513A9A3C-60BB-41C7-92CA-A9A1AC5C3B66}.Debug|Any CPU.ActiveCfg = Debug|Any CPU
		{513A9A3C-60BB-41C7-92CA-A9A1AC5C3B66}.Debug|Any CPU.Build.0 = Debug|Any CPU
		{513A9A3C-60BB-41C7-92CA-A9A1AC5C3B66}.Release|Any CPU.ActiveCfg = Release|Any CPU
		{513A9A3C-60BB-41C7-92CA-A9A1AC5C3B66}.Release|Any CPU.Build.0 = Release|Any CPU
		{91F75E6F-21A9-411E-8467-A627196511EA}.Debug|Any CPU.ActiveCfg = Debug|Any CPU
		{91F75E6F-21A9-411E-8467-A627196511EA}.Debug|Any CPU.Build.0 = Debug|Any CPU
		{91F75E6F-21A9-411E-8467-A627196511EA}.Release|Any CPU.ActiveCfg = Release|Any CPU
		{91F75E6F-21A9-411E-8467-A627196511EA}.Release|Any CPU.Build.0 = Release|Any CPU
		{2B1BA563-7118-4CCA-8C98-4AAEF5862044}.Debug|Any CPU.ActiveCfg = Debug|Any CPU
		{2B1BA563-7118-4CCA-8C98-4AAEF5862044}.Debug|Any CPU.Build.0 = Debug|Any CPU
		{2B1BA563-7118-4CCA-8C98-4AAEF5862044}.Release|Any CPU.ActiveCfg = Release|Any CPU
		{2B1BA563-7118-4CCA-8C98-4AAEF5862044}.Release|Any CPU.Build.0 = Release|Any CPU
	EndGlobalSection
	GlobalSection(SolutionProperties) = preSolution
		HideSolutionNode = FALSE
	EndGlobalSection
	GlobalSection(ExtensibilityGlobals) = postSolution
		SolutionGuid = {5B4F7D36-6908-4FDB-8ABC-BAC349D86BF1}
	EndGlobalSection
EndGlobal
